
Microsoft Visual Studio Solution File, Format Version 12.00
# Visual Studio Version 16
VisualStudioVersion = 16.0.32228.343
MinimumVisualStudioVersion = 10.0.40219.1
Project("{FAE04EC0-301F-11D3-BF4B-00C04F79EFBC}") = "DiskInventory", "DiskInventory\DiskInventory.csproj", "{BC560105-CB9A-4363-ADDC-1C1E9ABC51F8}"
EndProject
Global
	GlobalSection(SolutionConfigurationPlatforms) = preSolution
		Debug|Any CPU = Debug|Any CPU
		Release|Any CPU = Release|Any CPU
	EndGlobalSection
	GlobalSection(ProjectConfigurationPlatforms) = postSolution
		{BC560105-CB9A-4363-ADDC-1C1E9ABC51F8}.Debug|Any CPU.ActiveCfg = Debug|Any CPU
		{BC560105-CB9A-4363-ADDC-1C1E9ABC51F8}.Debug|Any CPU.Build.0 = Debug|Any CPU
		{BC560105-CB9A-4363-ADDC-1C1E9ABC51F8}.Release|Any CPU.ActiveCfg = Release|Any CPU
		{BC560105-CB9A-4363-ADDC-1C1E9ABC51F8}.Release|Any CPU.Build.0 = Release|Any CPU
	EndGlobalSection
	GlobalSection(SolutionProperties) = preSolution
		HideSolutionNode = FALSE
	EndGlobalSection
	GlobalSection(ExtensibilityGlobals) = postSolution
		SolutionGuid = {15C90510-354C-4226-92F4-2131FC8A9B65}
	EndGlobalSection
EndGlobal
